
Microsoft Visual Studio Solution File, Format Version 12.00
# Visual Studio 15
Project("{FAE04EC0-301F-11D3-BF4B-00C04F79EFBC}") = "UniRx", "UniRx.csproj", "{ACEC6513-FE65-1ED3-61A4-53FB6EDBAF38}"
EndProject
Project("{FAE04EC0-301F-11D3-BF4B-00C04F79EFBC}") = "Assembly-CSharp", "Assembly-CSharp.csproj", "{7CC59CF3-50A2-3FD7-C9B5-87826E6FC716}"
EndProject
Project("{FAE04EC0-301F-11D3-BF4B-00C04F79EFBC}") = "UniRx.Examples", "UniRx.Examples.csproj", "{D5B25D59-BF0C-30BB-0832-6B4ED4CB26A1}"
EndProject
Global
	GlobalSection(SolutionConfigurationPlatforms) = preSolution
		Debug|Any CPU = Debug|Any CPU
		Release|Any CPU = Release|Any CPU
	EndGlobalSection
	GlobalSection(ProjectConfigurationPlatforms) = postSolution
		{ACEC6513-FE65-1ED3-61A4-53FB6EDBAF38}.Debug|Any CPU.ActiveCfg = Debug|Any CPU
		{ACEC6513-FE65-1ED3-61A4-53FB6EDBAF38}.Debug|Any CPU.Build.0 = Debug|Any CPU
		{ACEC6513-FE65-1ED3-61A4-53FB6EDBAF38}.Release|Any CPU.ActiveCfg = Release|Any CPU
		{ACEC6513-FE65-1ED3-61A4-53FB6EDBAF38}.Release|Any CPU.Build.0 = Release|Any CPU
		{7CC59CF3-50A2-3FD7-C9B5-87826E6FC716}.Debug|Any CPU.ActiveCfg = Debug|Any CPU
		{7CC59CF3-50A2-3FD7-C9B5-87826E6FC716}.Debug|Any CPU.Build.0 = Debug|Any CPU
		{7CC59CF3-50A2-3FD7-C9B5-87826E6FC716}.Release|Any CPU.ActiveCfg = Release|Any CPU
		{7CC59CF3-50A2-3FD7-C9B5-87826E6FC716}.Release|Any CPU.Build.0 = Release|Any CPU
		{D5B25D59-BF0C-30BB-0832-6B4ED4CB26A1}.Debug|Any CPU.ActiveCfg = Debug|Any CPU
		{D5B25D59-BF0C-30BB-0832-6B4ED4CB26A1}.Debug|Any CPU.Build.0 = Debug|Any CPU
		{D5B25D59-BF0C-30BB-0832-6B4ED4CB26A1}.Release|Any CPU.ActiveCfg = Release|Any CPU
		{D5B25D59-BF0C-30BB-0832-6B4ED4CB26A1}.Release|Any CPU.Build.0 = Release|Any CPU
	EndGlobalSection
	GlobalSection(SolutionProperties) = preSolution
		HideSolutionNode = FALSE
	EndGlobalSection
EndGlobal
